// !$*UTF8*$!
{
	archiveVersion = 1;
	classes = {
	};
	objectVersion = 55;
	objects = {

/* Begin PBXBuildFile section */
		993383E027D91D99009990BA /* AppDelegate.swift in Sources */ = {isa = PBXBuildFile; fileRef = 993383DF27D91D99009990BA /* AppDelegate.swift */; };
		993383E227D91D99009990BA /* GameScene.sks in Resources */ = {isa = PBXBuildFile; fileRef = 993383E127D91D99009990BA /* GameScene.sks */; };
		993383E427D91D99009990BA /* Actions.sks in Resources */ = {isa = PBXBuildFile; fileRef = 993383E327D91D99009990BA /* Actions.sks */; };
		993383E627D91D99009990BA /* GameScene.swift in Sources */ = {isa = PBXBuildFile; fileRef = 993383E527D91D99009990BA /* GameScene.swift */; };
		993383E827D91D99009990BA /* GameViewController.swift in Sources */ = {isa = PBXBuildFile; fileRef = 993383E727D91D99009990BA /* GameViewController.swift */; };
		993383EB27D91D99009990BA /* Main.storyboard in Resources */ = {isa = PBXBuildFile; fileRef = 993383E927D91D99009990BA /* Main.storyboard */; };
		993383ED27D91D9F009990BA /* Assets.xcassets in Resources */ = {isa = PBXBuildFile; fileRef = 993383EC27D91D9F009990BA /* Assets.xcassets */; };
		993383F027D91D9F009990BA /* LaunchScreen.storyboard in Resources */ = {isa = PBXBuildFile; fileRef = 993383EE27D91D9F009990BA /* LaunchScreen.storyboard */; };
		993383F927D91E27009990BA /* MainMenue.sks in Resources */ = {isa = PBXBuildFile; fileRef = 993383F827D91E27009990BA /* MainMenue.sks */; };
		993383FD27D92264009990BA /* MainMenu.swift in Sources */ = {isa = PBXBuildFile; fileRef = 993383FC27D92264009990BA /* MainMenu.swift */; };
		9933840127D93F31009990BA /* eat.mp3 in Resources */ = {isa = PBXBuildFile; fileRef = 9933840027D93F31009990BA /* eat.mp3 */; };
		9933840327DA4442009990BA /* LouseScene.sks in Resources */ = {isa = PBXBuildFile; fileRef = 9933840227DA4442009990BA /* LouseScene.sks */; };
		9933840527DA4456009990BA /* LooseScene.swift in Sources */ = {isa = PBXBuildFile; fileRef = 9933840427DA4456009990BA /* LooseScene.swift */; };
/* End PBXBuildFile section */

/* Begin PBXFileReference section */
		993383DC27D91D99009990BA /* Imoto.app */ = {isa = PBXFileReference; explicitFileType = wrapper.application; includeInIndex = 0; path = Imoto.app; sourceTree = BUILT_PRODUCTS_DIR; };
		993383DF27D91D99009990BA /* AppDelegate.swift */ = {isa = PBXFileReference; lastKnownFileType = sourcecode.swift; path = AppDelegate.swift; sourceTree = "<group>"; };
		993383E127D91D99009990BA /* GameScene.sks */ = {isa = PBXFileReference; lastKnownFileType = file.sks; path = GameScene.sks; sourceTree = "<group>"; };
		993383E327D91D99009990BA /* Actions.sks */ = {isa = PBXFileReference; lastKnownFileType = file.sks; path = Actions.sks; sourceTree = "<group>"; };
		993383E527D91D99009990BA /* GameScene.swift */ = {isa = PBXFileReference; lastKnownFileType = sourcecode.swift; path = GameScene.swift; sourceTree = "<group>"; };
		993383E727D91D99009990BA /* GameViewController.swift */ = {isa = PBXFileReference; lastKnownFileType = sourcecode.swift; path = GameViewController.swift; sourceTree = "<group>"; };
		993383EA27D91D99009990BA /* Base */ = {isa = PBXFileReference; lastKnownFileType = file.storyboard; name = Base; path = Base.lproj/Main.storyboard; sourceTree = "<group>"; };
		993383EC27D91D9F009990BA /* Assets.xcassets */ = {isa = PBXFileReference; lastKnownFileType = folder.assetcatalog; path = Assets.xcassets; sourceTree = "<group>"; };
		993383EF27D91D9F009990BA /* Base */ = {isa = PBXFileReference; lastKnownFileType = file.storyboard; name = Base; path = Base.lproj/LaunchScreen.storyboard; sourceTree = "<group>"; };
		993383F827D91E27009990BA /* MainMenue.sks */ = {isa = PBXFileReference; lastKnownFileType = file.sks; path = MainMenue.sks; sourceTree = "<group>"; };
		993383FC27D92264009990BA /* MainMenu.swift */ = {isa = PBXFileReference; lastKnownFileType = sourcecode.swift; path = MainMenu.swift; sourceTree = "<group>"; };
		9933840027D93F31009990BA /* eat.mp3 */ = {isa = PBXFileReference; lastKnownFileType = audio.mp3; path = eat.mp3; sourceTree = "<group>"; };
		9933840227DA4442009990BA /* LouseScene.sks */ = {isa = PBXFileReference; lastKnownFileType = file.sks; path = LouseScene.sks; sourceTree = "<group>"; };
		9933840427DA4456009990BA /* LooseScene.swift */ = {isa = PBXFileReference; lastKnownFileType = sourcecode.swift; path = LooseScene.swift; sourceTree = "<group>"; };
/* End PBXFileReference section */

/* Begin PBXFrameworksBuildPhase section */
		993383D927D91D99009990BA /* Frameworks */ = {
			isa = PBXFrameworksBuildPhase;
			buildActionMask = 2147483647;
			files = (
			);
			runOnlyForDeploymentPostprocessing = 0;
		};
/* End PBXFrameworksBuildPhase section */

/* Begin PBXGroup section */
		993383D327D91D99009990BA = {
			isa = PBXGroup;
			children = (
				993383DE27D91D99009990BA /* Imoto */,
				993383DD27D91D99009990BA /* Products */,
			);
			sourceTree = "<group>";
		};
		993383DD27D91D99009990BA /* Products */ = {
			isa = PBXGroup;
			children = (
				993383DC27D91D99009990BA /* Imoto.app */,
			);
			name = Products;
			sourceTree = "<group>";
		};
		993383DE27D91D99009990BA /* Imoto */ = {
			isa = PBXGroup;
			children = (
				993383DF27D91D99009990BA /* AppDelegate.swift */,
				9933840427DA4456009990BA /* LooseScene.swift */,
				993383E127D91D99009990BA /* GameScene.sks */,
				993383FC27D92264009990BA /* MainMenu.swift */,
				993383F827D91E27009990BA /* MainMenue.sks */,
				993383E327D91D99009990BA /* Actions.sks */,
				993383E527D91D99009990BA /* GameScene.swift */,
				993383E727D91D99009990BA /* GameViewController.swift */,
				993383E927D91D99009990BA /* Main.storyboard */,
				993383EC27D91D9F009990BA /* Assets.xcassets */,
				993383EE27D91D9F009990BA /* LaunchScreen.storyboard */,
				9933840027D93F31009990BA /* eat.mp3 */,
				9933840227DA4442009990BA /* LouseScene.sks */,
			);
			path = Imoto;
			sourceTree = "<group>";
		};
/* End PBXGroup section */

/* Begin PBXNativeTarget section */
		993383DB27D91D99009990BA /* Imoto */ = {
			isa = PBXNativeTarget;
			buildConfigurationList = 993383F327D91D9F009990BA /* Build configuration list for PBXNativeTarget "Imoto" */;
			buildPhases = (
				993383D827D91D99009990BA /* Sources */,
				993383D927D91D99009990BA /* Frameworks */,
				993383DA27D91D99009990BA /* Resources */,
			);
			buildRules = (
			);
			dependencies = (
			);
			name = Imoto;
			productName = Imoto;
			productReference = 993383DC27D91D99009990BA /* Imoto.app */;
			productType = "com.apple.product-type.application";
		};
/* End PBXNativeTarget section */

/* Begin PBXProject section */
		993383D427D91D99009990BA /* Project object */ = {
			isa = PBXProject;
			attributes = {
				BuildIndependentTargetsInParallel = 1;
				LastSwiftUpdateCheck = 1320;
				LastUpgradeCheck = 1320;
				TargetAttributes = {
					993383DB27D91D99009990BA = {
						CreatedOnToolsVersion = 13.2.1;
					};
				};
			};
			buildConfigurationList = 993383D727D91D99009990BA /* Build configuration list for PBXProject "Imoto" */;
			compatibilityVersion = "Xcode 13.0";
			developmentRegion = en;
			hasScannedForEncodings = 0;
			knownRegions = (
				en,
				Base,
			);
			mainGroup = 993383D327D91D99009990BA;
			productRefGroup = 993383DD27D91D99009990BA /* Products */;
			projectDirPath = "";
			projectRoot = "";
			targets = (
				993383DB27D91D99009990BA /* Imoto */,
			);
		};
/* End PBXProject section */

/* Begin PBXResourcesBuildPhase section */
		993383DA27D91D99009990BA /* Resources */ = {
			isa = PBXResourcesBuildPhase;
			buildActionMask = 2147483647;
			files = (
				993383EB27D91D99009990BA /* Main.storyboard in Resources */,
				993383E227D91D99009990BA /* GameScene.sks in Resources */,
				993383ED27D91D9F009990BA /* Assets.xcassets in Resources */,
				9933840327DA4442009990BA /* LouseScene.sks in Resources */,
				9933840127D93F31009990BA /* eat.mp3 in Resources */,
				993383F927D91E27009990BA /* MainMenue.sks in Resources */,
				993383F027D91D9F009990BA /* LaunchScreen.storyboard in Resources */,
				993383E427D91D99009990BA /* Actions.sks in Resources */,
			);
			runOnlyForDeploymentPostprocessing = 0;
		};
/* End PBXResourcesBuildPhase section */

/* Begin PBXSourcesBuildPhase section */
		993383D827D91D99009990BA /* Sources */ = {
			isa = PBXSourcesBuildPhase;
			buildActionMask = 2147483647;
			files = (
				993383E627D91D99009990BA /* GameScene.swift in Sources */,
				9933840527DA4456009990BA /* LooseScene.swift in Sources */,
				993383E827D91D99009990BA /* GameViewController.swift in Sources */,
				993383E027D91D99009990BA /* AppDelegate.swift in Sources */,
				993383FD27D92264009990BA /* MainMenu.swift in Sources */,
			);
			runOnlyForDeploymentPostprocessing = 0;
		};
/* End PBXSourcesBuildPhase section */

/* Begin PBXVariantGroup section */
		993383E927D91D99009990BA /* Main.storyboard */ = {
			isa = PBXVariantGroup;
			children = (
				993383EA27D91D99009990BA /* Base */,
			);
			name = Main.storyboard;
			sourceTree = "<group>";
		};
		993383EE27D91D9F009990BA /* LaunchScreen.storyboard */ = {
			isa = PBXVariantGroup;
			children = (
				993383EF27D91D9F009990BA /* Base */,
			);
			name = LaunchScreen.storyboard;
			sourceTree = "<group>";
		};
/* End PBXVariantGroup section */

/* Begin XCBuildConfiguration section */
		993383F127D91D9F009990BA /* Debug */ = {
			isa = XCBuildConfiguration;
			buildSettings = {
				ALWAYS_SEARCH_USER_PATHS = NO;
				CLANG_ANALYZER_NONNULL = YES;
				CLANG_ANALYZER_NUMBER_OBJECT_CONVERSION = YES_AGGRESSIVE;
				CLANG_CXX_LANGUAGE_STANDARD = "gnu++17";
				CLANG_CXX_LIBRARY = "libc++";
				CLANG_ENABLE_MODULES = YES;
				CLANG_ENABLE_OBJC_ARC = YES;
				CLANG_ENABLE_OBJC_WEAK = YES;
				CLANG_WARN_BLOCK_CAPTURE_AUTORELEASING = YES;
				CLANG_WARN_BOOL_CONVERSION = YES;
				CLANG_WARN_COMMA = YES;
				CLANG_WARN_CONSTANT_CONVERSION = YES;
				CLANG_WARN_DEPRECATED_OBJC_IMPLEMENTATIONS = YES;
				CLANG_WARN_DIRECT_OBJC_ISA_USAGE = YES_ERROR;
				CLANG_WARN_DOCUMENTATION_COMMENTS = YES;
				CLANG_WARN_EMPTY_BODY = YES;
				CLANG_WARN_ENUM_CONVERSION = YES;
				CLANG_WARN_INFINITE_RECURSION = YES;
				CLANG_WARN_INT_CONVERSION = YES;
				CLANG_WARN_NON_LITERAL_NULL_CONVERSION = YES;
				CLANG_WARN_OBJC_IMPLICIT_RETAIN_SELF = YES;
				CLANG_WARN_OBJC_LITERAL_CONVERSION = YES;
				CLANG_WARN_OBJC_ROOT_CLASS = YES_ERROR;
				CLANG_WARN_QUOTED_INCLUDE_IN_FRAMEWORK_HEADER = YES;
				CLANG_WARN_RANGE_LOOP_ANALYSIS = YES;
				CLANG_WARN_STRICT_PROTOTYPES = YES;
				CLANG_WARN_SUSPICIOUS_MOVE = YES;
				CLANG_WARN_UNGUARDED_AVAILABILITY = YES_AGGRESSIVE;
				CLANG_WARN_UNREACHABLE_CODE = YES;
				CLANG_WARN__DUPLICATE_METHOD_MATCH = YES;
				COPY_PHASE_STRIP = NO;
				DEBUG_INFORMATION_FORMAT = dwarf;
				ENABLE_STRICT_OBJC_MSGSEND = YES;
				ENABLE_TESTABILITY = YES;
				GCC_C_LANGUAGE_STANDARD = gnu11;
				GCC_DYNAMIC_NO_PIC = NO;
				GCC_NO_COMMON_BLOCKS = YES;
				GCC_OPTIMIZATION_LEVEL = 0;
				GCC_PREPROCESSOR_DEFINITIONS = (
					"DEBUG=1",
					"$(inherited)",
				);
				GCC_WARN_64_TO_32_BIT_CONVERSION = YES;
				GCC_WARN_ABOUT_RETURN_TYPE = YES_ERROR;
				GCC_WARN_UNDECLARED_SELECTOR = YES;
				GCC_WARN_UNINITIALIZED_AUTOS = YES_AGGRESSIVE;
				GCC_WARN_UNUSED_FUNCTION = YES;
				GCC_WARN_UNUSED_VARIABLE = YES;
				IPHONEOS_DEPLOYMENT_TARGET = 15.2;
				MTL_ENABLE_DEBUG_INFO = INCLUDE_SOURCE;
				MTL_FAST_MATH = YES;
				ONLY_ACTIVE_ARCH = YES;
				SDKROOT = iphoneos;
				SWIFT_ACTIVE_COMPILATION_CONDITIONS = DEBUG;
				SWIFT_OPTIMIZATION_LEVEL = "-Onone";
			};
			name = Debug;
		};
		993383F227D91D9F009990BA /* Release */ = {
			isa = XCBuildConfiguration;
			buildSettings = {
				ALWAYS_SEARCH_USER_PATHS = NO;
				CLANG_ANALYZER_NONNULL = YES;
				CLANG_ANALYZER_NUMBER_OBJECT_CONVERSION = YES_AGGRESSIVE;
				CLANG_CXX_LANGUAGE_STANDARD = "gnu++17";
				CLANG_CXX_LIBRARY = "libc++";
				CLANG_ENABLE_MODULES = YES;
				CLANG_ENABLE_OBJC_ARC = YES;
				CLANG_ENABLE_OBJC_WEAK = YES;
				CLANG_WARN_BLOCK_CAPTURE_AUTORELEASING = YES;
				CLANG_WARN_BOOL_CONVERSION = YES;
				CLANG_WARN_COMMA = YES;
				CLANG_WARN_CONSTANT_CONVERSION = YES;
				CLANG_WARN_DEPRECATED_OBJC_IMPLEMENTATIONS = YES;
				CLANG_WARN_DIRECT_OBJC_ISA_USAGE = YES_ERROR;
				CLANG_WARN_DOCUMENTATION_COMMENTS = YES;
				CLANG_WARN_EMPTY_BODY = YES;
				CLANG_WARN_ENUM_CONVERSION = YES;
				CLANG_WARN_INFINITE_RECURSION = YES;
				CLANG_WARN_INT_CONVERSION = YES;
				CLANG_WARN_NON_LITERAL_NULL_CONVERSION = YES;
				CLANG_WARN_OBJC_IMPLICIT_RETAIN_SELF = YES;
				CLANG_WARN_OBJC_LITERAL_CONVERSION = YES;
				CLANG_WARN_OBJC_ROOT_CLASS = YES_ERROR;
				CLANG_WARN_QUOTED_INCLUDE_IN_FRAMEWORK_HEADER = YES;
				CLANG_WARN_RANGE_LOOP_ANALYSIS = YES;
				CLANG_WARN_STRICT_PROTOTYPES = YES;
				CLANG_WARN_SUSPICIOUS_MOVE = YES;
				CLANG_WARN_UNGUARDED_AVAILABILITY = YES_AGGRESSIVE;
				CLANG_WARN_UNREACHABLE_CODE = YES;
				CLANG_WARN__DUPLICATE_METHOD_MATCH = YES;
				COPY_PHASE_STRIP = NO;
				DEBUG_INFORMATION_FORMAT = "dwarf-with-dsym";
				ENABLE_NS_ASSERTIONS = NO;
				ENABLE_STRICT_OBJC_MSGSEND = YES;
				GCC_C_LANGUAGE_STANDARD = gnu11;
				GCC_NO_COMMON_BLOCKS = YES;
				GCC_WARN_64_TO_32_BIT_CONVERSION = YES;
				GCC_WARN_ABOUT_RETURN_TYPE = YES_ERROR;
				GCC_WARN_UNDECLARED_SELECTOR = YES;
				GCC_WARN_UNINITIALIZED_AUTOS = YES_AGGRESSIVE;
				GCC_WARN_UNUSED_FUNCTION = YES;
				GCC_WARN_UNUSED_VARIABLE = YES;
				IPHONEOS_DEPLOYMENT_TARGET = 15.2;
				MTL_ENABLE_DEBUG_INFO = NO;
				MTL_FAST_MATH = YES;
				SDKROOT = iphoneos;
				SWIFT_COMPILATION_MODE = wholemodule;
				SWIFT_OPTIMIZATION_LEVEL = "-O";
				VALIDATE_PRODUCT = YES;
			};
			name = Release;
		};
		993383F427D91D9F009990BA /* Debug */ = {
			isa = XCBuildConfiguration;
			buildSettings = {
				ASSETCATALOG_COMPILER_APPICON_NAME = AppIcon;
				ASSETCATALOG_COMPILER_GLOBAL_ACCENT_COLOR_NAME = AccentColor;
				CODE_SIGN_STYLE = Automatic;
				CURRENT_PROJECT_VERSION = 1;
				DEVELOPMENT_TEAM = 37F2LK327C;
				GENERATE_INFOPLIST_FILE = YES;
				INFOPLIST_KEY_UIApplicationSupportsIndirectInputEvents = YES;
				INFOPLIST_KEY_UILaunchStoryboardName = LaunchScreen;
				INFOPLIST_KEY_UIMainStoryboardFile = Main;
				INFOPLIST_KEY_UIStatusBarHidden = YES;
				INFOPLIST_KEY_UISupportedInterfaceOrientations = UIInterfaceOrientationPortrait;
				INFOPLIST_KEY_UISupportedInterfaceOrientations_iPad = "UIInterfaceOrientationPortrait UIInterfaceOrientationPortraitUpsideDown UIInterfaceOrientationLandscapeLeft UIInterfaceOrientationLandscapeRight";
				INFOPLIST_KEY_UISupportedInterfaceOrientations_iPhone = "UIInterfaceOrientationPortrait UIInterfaceOrientationLandscapeLeft UIInterfaceOrientationLandscapeRight";
				IPHONEOS_DEPLOYMENT_TARGET = 15.2;
				LD_RUNPATH_SEARCH_PATHS = (
					"$(inherited)",
					"@executable_path/Frameworks",
				);
				MARKETING_VERSION = 1.0;
				PRODUCT_BUNDLE_IDENTIFIER = Watashi.Imoto;
				PRODUCT_NAME = "$(TARGET_NAME)";
				SWIFT_EMIT_LOC_STRINGS = YES;
				SWIFT_VERSION = 5.0;
				TARGETED_DEVICE_FAMILY = "1,2";
			};
			name = Debug;
		};
		993383F527D91D9F009990BA /* Release */ = {
			isa = XCBuildConfiguration;
			buildSettings = {
				ASSETCATALOG_COMPILER_APPICON_NAME = AppIcon;
				ASSETCATALOG_COMPILER_GLOBAL_ACCENT_COLOR_NAME = AccentColor;
				CODE_SIGN_STYLE = Automatic;
				CURRENT_PROJECT_VERSION = 1;
				DEVELOPMENT_TEAM = 37F2LK327C;
				GENERATE_INFOPLIST_FILE = YES;
				INFOPLIST_KEY_UIApplicationSupportsIndirectInputEvents = YES;
				INFOPLIST_KEY_UILaunchStoryboardName = LaunchScreen;
				INFOPLIST_KEY_UIMainStoryboardFile = Main;
				INFOPLIST_KEY_UIStatusBarHidden = YES;
				INFOPLIST_KEY_UISupportedInterfaceOrientations = UIInterfaceOrientationPortrait;
				INFOPLIST_KEY_UISupportedInterfaceOrientations_iPad = "UIInterfaceOrientationPortrait UIInterfaceOrientationPortraitUpsideDown UIInterfaceOrientationLandscapeLeft UIInterfaceOrientationLandscapeRight";
				INFOPLIST_KEY_UISupportedInterfaceOrientations_iPhone = "UIInterfaceOrientationPortrait UIInterfaceOrientationLandscapeLeft UIInterfaceOrientationLandscapeRight";
				IPHONEOS_DEPLOYMENT_TARGET = 15.2;
				LD_RUNPATH_SEARCH_PATHS = (
					"$(inherited)",
					"@executable_path/Frameworks",
				);
				MARKETING_VERSION = 1.0;
				PRODUCT_BUNDLE_IDENTIFIER = Watashi.Imoto;
				PRODUCT_NAME = "$(TARGET_NAME)";
				SWIFT_EMIT_LOC_STRINGS = YES;
				SWIFT_VERSION = 5.0;
				TARGETED_DEVICE_FAMILY = "1,2";
			};
			name = Release;
		};
/* End XCBuildConfiguration section */

/* Begin XCConfigurationList section */
		993383D727D91D99009990BA /* Build configuration list for PBXProject "Imoto" */ = {
			isa = XCConfigurationList;
			buildConfigurations = (
				993383F127D91D9F009990BA /* Debug */,
				993383F227D91D9F009990BA /* Release */,
			);
			defaultConfigurationIsVisible = 0;
			defaultConfigurationName = Release;
		};
		993383F327D91D9F009990BA /* Build configuration list for PBXNativeTarget "Imoto" */ = {
			isa = XCConfigurationList;
			buildConfigurations = (
				993383F427D91D9F009990BA /* Debug */,
				993383F527D91D9F009990BA /* Release */,
			);
			defaultConfigurationIsVisible = 0;
			defaultConfigurationName = Release;
		};
/* End XCConfigurationList section */
	};
	rootObject = 993383D427D91D99009990BA /* Project object */;
}
